{
  "name": "lyric-assistant-client",
  "version": "1.0.0",
  "lockfileVersion": 1,
  "requires": true,
  "dependencies": {
    "@lit/reactive-element": {
      "version": "1.4.1",
      "resolved": "https://registry.npmmirror.com/@lit/reactive-element/-/reactive-element-1.4.1.tgz",
      "integrity": "sha512-qDv4851VFSaBWzpS02cXHclo40jsbAjRXnebNXpm0uVg32kCneZPo9RYVQtrTNICtZ+1wAYHu1ZtxWSWMbKrBw=="
    },
    "@material/animation": {
      "version": "14.0.0-canary.53b3cad2f.0",
      "resolved": "https://registry.npmmirror.com/@material/animation/-/animation-14.0.0-canary.53b3cad2f.0.tgz",
      "integrity": "sha512-GBuR4VmcTQW1D0lPXEosf5Giho72LLbyGIydWGtaEUtLJoive/D9kFkwTN4Fsyt9Kkl7hbhs35vrNe6QkAH4/Q==",
      "requires": {
        "tslib": "^2.1.0"
      }
    },
    "@material/base": {
      "version": "14.0.0-canary.53b3cad2f.0",
      "resolved": "https://registry.npmmirror.com/@material/base/-/base-14.0.0-canary.53b3cad2f.0.tgz",
      "integrity": "sha512-UJKbXwZtkrA3sfQDmj8Zbw1Q3Tqtl6KdfVFws95Yf7TCUgTFzbZI/FSx1w7dVugQPOEnIBuZnzqZam/MtHkx4w==",
      "requires": {
        "tslib": "^2.1.0"
      }
    },
    "@material/button": {
      "version": "14.0.0-canary.53b3cad2f.0",
      "resolved": "https://registry.npmmirror.com/@material/button/-/button-14.0.0-canary.53b3cad2f.0.tgz",
      "integrity": "sha512-IPBAByKpQjrWNVmAWx5VCTCLnOw4ymbLsbHmBkLiDgcLPs1EtwYnKKIwQ+/t3bV02OShUdMiyboL8V/C0gMS1A==",
      "requires": {
        "@material/density": "14.0.0-canary.53b3cad2f.0",
        "@material/dom": "14.0.0-canary.53b3cad2f.0",
        "@material/elevation": "14.0.0-canary.53b3cad2f.0",
        "@material/feature-targeting": "14.0.0-canary.53b3cad2f.0",
        "@material/focus-ring": "14.0.0-canary.53b3cad2f.0",
        "@material/ripple": "14.0.0-canary.53b3cad2f.0",
        "@material/rtl": "14.0.0-canary.53b3cad2f.0",
        "@material/shape": "14.0.0-canary.53b3cad2f.0",
        "@material/theme": "14.0.0-canary.53b3cad2f.0",
        "@material/tokens": "14.0.0-canary.53b3cad2f.0",
        "@material/touch-target": "14.0.0-canary.53b3cad2f.0",
        "@material/typography": "14.0.0-canary.53b3cad2f.0",
        "tslib": "^2.1.0"
      }
    },
    "@material/circular-progress": {
      "version": "14.0.0-canary.53b3cad2f.0",
      "resolved": "https://registry.npmmirror.com/@material/circular-progress/-/circular-progress-14.0.0-canary.53b3cad2f.0.tgz",
      "integrity": "sha512-4A+HMgp66b45Fvbcbh9qb1j0vRFjKESbE2fHFkSMMNDPqFiKcvq4tJFBxKG2szYzpAnXdWLYaB+DeQ2+wSu9hg==",
      "requires": {
        "@material/animation": "14.0.0-canary.53b3cad2f.0",
        "@material/base": "14.0.0-canary.53b3cad2f.0",
        "@material/feature-targeting": "14.0.0-canary.53b3cad2f.0",
        "@material/progress-indicator": "14.0.0-canary.53b3cad2f.0",
        "@material/rtl": "14.0.0-canary.53b3cad2f.0",
        "@material/theme": "14.0.0-canary.53b3cad2f.0",
        "tslib": "^2.1.0"
      }
    },
    "@material/density": {
      "version": "14.0.0-canary.53b3cad2f.0",
      "resolved": "https://registry.npmmirror.com/@material/density/-/density-14.0.0-canary.53b3cad2f.0.tgz",
      "integrity": "sha512-Eh/vZ3vVyqtpylg5Ci33qlgtToS4H1/ppd450Ib3tcdISIoodgijYY0w4XsRvrnZgbI/h/1STFdLxdzS0UNuFw==",
      "requires": {
        "tslib": "^2.1.0"
      }
    },
    "@material/dialog": {
      "version": "14.0.0-canary.53b3cad2f.0",
      "resolved": "https://registry.npmmirror.com/@material/dialog/-/dialog-14.0.0-canary.53b3cad2f.0.tgz",
      "integrity": "sha512-yiG2nlVKTW0Ro3CF8Z/MVpTwSyG/8Kio3AaTUbeQdbjt5r692s4x5Yhd8m1IjEQKUeulY4CndvIbCUwZ8/G2PA==",
      "requires": {
        "@material/animation": "14.0.0-canary.53b3cad2f.0",
        "@material/base": "14.0.0-canary.53b3cad2f.0",
        "@material/button": "14.0.0-canary.53b3cad2f.0",
        "@material/dom": "14.0.0-canary.53b3cad2f.0",
        "@material/elevation": "14.0.0-canary.53b3cad2f.0",
        "@material/feature-targeting": "14.0.0-canary.53b3cad2f.0",
        "@material/icon-button": "14.0.0-canary.53b3cad2f.0",
        "@material/ripple": "14.0.0-canary.53b3cad2f.0",
        "@material/rtl": "14.0.0-canary.53b3cad2f.0",
        "@material/shape": "14.0.0-canary.53b3cad2f.0",
        "@material/theme": "14.0.0-canary.53b3cad2f.0",
        "@material/tokens": "14.0.0-canary.53b3cad2f.0",
        "@material/touch-target": "14.0.0-canary.53b3cad2f.0",
        "@material/typography": "14.0.0-canary.53b3cad2f.0",
        "tslib": "^2.1.0"
      }
    },
    "@material/dom": {
      "version": "14.0.0-canary.53b3cad2f.0",
      "resolved": "https://registry.npmmirror.com/@material/dom/-/dom-14.0.0-canary.53b3cad2f.0.tgz",
      "integrity": "sha512-aR+rfncF6oi2ivdOlKSJI4UXwNzWV5rXM88MLDoSJF1D7lXxhAKhge+tMUBodWGV/q0+FnXLuVAa0WYTrKjo+A==",
      "requires": {
        "@material/feature-targeting": "14.0.0-canary.53b3cad2f.0",
        "tslib": "^2.1.0"
      }
    },
    "@material/elevation": {
      "version": "14.0.0-canary.53b3cad2f.0",
      "resolved": "https://registry.npmmirror.com/@material/elevation/-/elevation-14.0.0-canary.53b3cad2f.0.tgz",
      "integrity": "sha512-3h+EkR588RMZ5TSNQ4UeXD1FOBnL3ABQix0DQIGwtNJCqSMoPndT/oJEFvwQbTkZNDbFIKN9p1Q7/KuFPVY8Pw==",
      "requires": {
        "@material/animation": "14.0.0-canary.53b3cad2f.0",
        "@material/base": "14.0.0-canary.53b3cad2f.0",
        "@material/feature-targeting": "14.0.0-canary.53b3cad2f.0",
        "@material/rtl": "14.0.0-canary.53b3cad2f.0",
        "@material/theme": "14.0.0-canary.53b3cad2f.0",
        "tslib": "^2.1.0"
      }
    },
    "@material/feature-targeting": {
      "version": "14.0.0-canary.53b3cad2f.0",
      "resolved": "https://registry.npmmirror.com/@material/feature-targeting/-/feature-targeting-14.0.0-canary.53b3cad2f.0.tgz",
      "integrity": "sha512-fn7Af3PRyARtNeYqtjxXmE3Y/dCpnpQVWWys57MqiGR/nvc6qpgOfJ6rOdcu/MrOysOE/oebTUDmDnTmwpe9Hw==",
      "requires": {
        "tslib": "^2.1.0"
      }
    },
    "@material/floating-label": {
      "version": "14.0.0-canary.53b3cad2f.0",
      "resolved": "https://registry.npmmirror.com/@material/floating-label/-/floating-label-14.0.0-canary.53b3cad2f.0.tgz",
      "integrity": "sha512-gHZUTTVKnP+Zjz4l9IT/G89NPmypn5FlTGLWKKqXbuQphr37rsKFR3Y80SJxULRyMDnAdKSxuZwiXLFKQz9KlA==",
      "requires": {
        "@material/animation": "14.0.0-canary.53b3cad2f.0",
        "@material/base": "14.0.0-canary.53b3cad2f.0",
        "@material/dom": "14.0.0-canary.53b3cad2f.0",
        "@material/feature-targeting": "14.0.0-canary.53b3cad2f.0",
        "@material/rtl": "14.0.0-canary.53b3cad2f.0",
        "@material/theme": "14.0.0-canary.53b3cad2f.0",
        "@material/typography": "14.0.0-canary.53b3cad2f.0",
        "tslib": "^2.1.0"
      }
    },
    "@material/focus-ring": {
      "version": "14.0.0-canary.53b3cad2f.0",
      "resolved": "https://registry.npmmirror.com/@material/focus-ring/-/focus-ring-14.0.0-canary.53b3cad2f.0.tgz",
      "integrity": "sha512-exPX5VrjQimipBwgcFDGRiEE783sOBgpkFui59A6i6iGvS2UrLHlYY2E65fyyyQnD1f/rv4Po1OOnCesE1kulg==",
      "requires": {
        "@material/dom": "14.0.0-canary.53b3cad2f.0",
        "@material/feature-targeting": "14.0.0-canary.53b3cad2f.0",
        "@material/rtl": "14.0.0-canary.53b3cad2f.0"
      }
    },
    "@material/icon-button": {
      "version": "14.0.0-canary.53b3cad2f.0",
      "resolved": "https://registry.npmmirror.com/@material/icon-button/-/icon-button-14.0.0-canary.53b3cad2f.0.tgz",
      "integrity": "sha512-BFdj3CP0JXHC/F2bDmpmzWhum4fkzIDgCCavvnpE/KcCbr0AaoSULRde+LtqvbdLIYW20cXhvjinIOlRhSOshA==",
      "requires": {
        "@material/base": "14.0.0-canary.53b3cad2f.0",
        "@material/density": "14.0.0-canary.53b3cad2f.0",
        "@material/dom": "14.0.0-canary.53b3cad2f.0",
        "@material/elevation": "14.0.0-canary.53b3cad2f.0",
        "@material/feature-targeting": "14.0.0-canary.53b3cad2f.0",
        "@material/focus-ring": "14.0.0-canary.53b3cad2f.0",
        "@material/ripple": "14.0.0-canary.53b3cad2f.0",
        "@material/rtl": "14.0.0-canary.53b3cad2f.0",
        "@material/theme": "14.0.0-canary.53b3cad2f.0",
        "@material/touch-target": "14.0.0-canary.53b3cad2f.0",
        "tslib": "^2.1.0"
      }
    },
    "@material/line-ripple": {
      "version": "14.0.0-canary.53b3cad2f.0",
      "resolved": "https://registry.npmmirror.com/@material/line-ripple/-/line-ripple-14.0.0-canary.53b3cad2f.0.tgz",
      "integrity": "sha512-k8f8uuDwnSqZZ98CzbYtQVtxlp1ryUup9nd2uobo3kiqQNlQfXdGkVjuCXcla0OPiKFizNn7dS6Kl/j6L09XUA==",
      "requires": {
        "@material/animation": "14.0.0-canary.53b3cad2f.0",
        "@material/base": "14.0.0-canary.53b3cad2f.0",
        "@material/feature-targeting": "14.0.0-canary.53b3cad2f.0",
        "@material/theme": "14.0.0-canary.53b3cad2f.0",
        "tslib": "^2.1.0"
      }
    },
    "@material/list": {
      "version": "14.0.0-canary.53b3cad2f.0",
      "resolved": "https://registry.npmmirror.com/@material/list/-/list-14.0.0-canary.53b3cad2f.0.tgz",
      "integrity": "sha512-mkMpltSKAYLBtFnTTCk/mQIDzwxF/VLh1gh59ehOtmRXt7FvTz83RoAa4tqe53hpVrbX4HoLDBu+vILhq/wkjw==",
      "requires": {
        "@material/base": "14.0.0-canary.53b3cad2f.0",
        "@material/density": "14.0.0-canary.53b3cad2f.0",
        "@material/dom": "14.0.0-canary.53b3cad2f.0",
        "@material/feature-targeting": "14.0.0-canary.53b3cad2f.0",
        "@material/ripple": "14.0.0-canary.53b3cad2f.0",
        "@material/rtl": "14.0.0-canary.53b3cad2f.0",
        "@material/shape": "14.0.0-canary.53b3cad2f.0",
        "@material/theme": "14.0.0-canary.53b3cad2f.0",
        "@material/typography": "14.0.0-canary.53b3cad2f.0",
        "tslib": "^2.1.0"
      }
    },
    "@material/menu": {
      "version": "14.0.0-canary.53b3cad2f.0",
      "resolved": "https://registry.npmmirror.com/@material/menu/-/menu-14.0.0-canary.53b3cad2f.0.tgz",
      "integrity": "sha512-MmYKVrMIqOtP3TN4vdrrnQrS8P81+tMaA6bKiT9V79R1U6+mKsBYTzaLtLbzyem5vF8O0q7bSwyPwhWPtJr75Q==",
      "requires": {
        "@material/base": "14.0.0-canary.53b3cad2f.0",
        "@material/dom": "14.0.0-canary.53b3cad2f.0",
        "@material/elevation": "14.0.0-canary.53b3cad2f.0",
        "@material/feature-targeting": "14.0.0-canary.53b3cad2f.0",
        "@material/list": "14.0.0-canary.53b3cad2f.0",
        "@material/menu-surface": "14.0.0-canary.53b3cad2f.0",
        "@material/ripple": "14.0.0-canary.53b3cad2f.0",
        "@material/rtl": "14.0.0-canary.53b3cad2f.0",
        "@material/theme": "14.0.0-canary.53b3cad2f.0",
        "tslib": "^2.1.0"
      }
    },
    "@material/menu-surface": {
      "version": "14.0.0-canary.53b3cad2f.0",
      "resolved": "https://registry.npmmirror.com/@material/menu-surface/-/menu-surface-14.0.0-canary.53b3cad2f.0.tgz",
      "integrity": "sha512-IQWb/n15FpLnn+kHp0EqzLE+UoWSPumq3eze2QifiowvGb37bNFR9oSe7CaOzPMrHdkrZ5SBWnDU41wPZN5kOg==",
      "requires": {
        "@material/animation": "14.0.0-canary.53b3cad2f.0",
        "@material/base": "14.0.0-canary.53b3cad2f.0",
        "@material/elevation": "14.0.0-canary.53b3cad2f.0",
        "@material/feature-targeting": "14.0.0-canary.53b3cad2f.0",
        "@material/rtl": "14.0.0-canary.53b3cad2f.0",
        "@material/shape": "14.0.0-canary.53b3cad2f.0",
        "@material/theme": "14.0.0-canary.53b3cad2f.0",
        "tslib": "^2.1.0"
      }
    },
    "@material/mwc-base": {
      "version": "0.27.0",
      "resolved": "https://registry.npmmirror.com/@material/mwc-base/-/mwc-base-0.27.0.tgz",
      "integrity": "sha512-oCWWtjbyQ52AaUbzINLGBKScIPyqhps2Y7c8t6Gu6fcFeDxhKXMV1Cqvtj/OMhtAt53XjHfD2XruWwYv3cYYUA==",
      "requires": {
        "@material/base": "=14.0.0-canary.53b3cad2f.0",
        "@material/dom": "=14.0.0-canary.53b3cad2f.0",
        "lit": "^2.0.0",
        "tslib": "^2.0.1"
      }
    },
    "@material/mwc-button": {
      "version": "0.27.0",
      "resolved": "https://registry.npmmirror.com/@material/mwc-button/-/mwc-button-0.27.0.tgz",
      "integrity": "sha512-t5m2zfE93RNKHMjdsU67X6csFzuSG08VJKKvXVQ+BriGE3xBgzY5nZdmZXomFpaWjDENPAlyS4ppCFm6o+DILw==",
      "requires": {
        "@material/mwc-icon": "^0.27.0",
        "@material/mwc-ripple": "^0.27.0",
        "lit": "^2.0.0",
        "tslib": "^2.0.1"
      }
    },
    "@material/mwc-checkbox": {
      "version": "0.27.0",
      "resolved": "https://registry.npmmirror.com/@material/mwc-checkbox/-/mwc-checkbox-0.27.0.tgz",
      "integrity": "sha512-EY0iYZLwo8qaqMwR5da4fdn0xI0BZNAvKTcwoubYWpDDHlGxDcqwvjp/40ChGo3Q/zv8/4/A0Qp7cwapI82EkA==",
      "requires": {
        "@material/mwc-base": "^0.27.0",
        "@material/mwc-ripple": "^0.27.0",
        "lit": "^2.0.0",
        "tslib": "^2.0.1"
      }
    },
    "@material/mwc-circular-progress": {
      "version": "0.27.0",
      "resolved": "https://registry.npmmirror.com/@material/mwc-circular-progress/-/mwc-circular-progress-0.27.0.tgz",
      "integrity": "sha512-7DkqMb5pUrHfLus5EZ7IT2HUMoE+uPpjGzu3MnDpIzDlfYo6I8p+ifWtEytI0NtXdY5UmITNuCv0RC77mhJrgQ==",
      "requires": {
        "@material/circular-progress": "=14.0.0-canary.53b3cad2f.0",
        "@material/mwc-base": "^0.27.0",
        "@material/theme": "=14.0.0-canary.53b3cad2f.0",
        "lit": "^2.0.0",
        "tslib": "^2.0.1"
      }
    },
    "@material/mwc-dialog": {
      "version": "0.27.0",
      "resolved": "https://registry.npmmirror.com/@material/mwc-dialog/-/mwc-dialog-0.27.0.tgz",
      "integrity": "sha512-rkOEmCroVs0wBQbj87vH79SvSHHZ61QRCTUYsU2rHGZCvdzlmvHjWdoyKjJER6WwwM3rrT8xthfecmjICI28CA==",
      "requires": {
        "@material/dialog": "=14.0.0-canary.53b3cad2f.0",
        "@material/dom": "=14.0.0-canary.53b3cad2f.0",
        "@material/mwc-base": "^0.27.0",
        "@material/mwc-button": "^0.27.0",
        "blocking-elements": "^0.1.0",
        "lit": "^2.0.0",
        "tslib": "^2.0.1",
        "wicg-inert": "^3.0.0"
      }
    },
    "@material/mwc-floating-label": {
      "version": "0.27.0",
      "resolved": "https://registry.npmmirror.com/@material/mwc-floating-label/-/mwc-floating-label-0.27.0.tgz",
      "integrity": "sha512-uLleloTxQ6dDShcZzqgqfC8otQY8DtGMO9HFQbAEncoFAWpAehcEonsuT/IUhMORN+c5un0P5WXwcZsInJb7og==",
      "requires": {
        "@material/floating-label": "=14.0.0-canary.53b3cad2f.0",
        "lit": "^2.0.0",
        "tslib": "^2.0.1"
      }
    },
    "@material/mwc-icon": {
      "version": "0.27.0",
      "resolved": "https://registry.npmmirror.com/@material/mwc-icon/-/mwc-icon-0.27.0.tgz",
      "integrity": "sha512-Sul44I37M9Ewynn0A9DjkEBrmll2VtNbth6Pxj7I1A/EAwEfaCrPvryyGqfIu1T2hTsRcaojzQx6QjF+B5QW9A==",
      "requires": {
        "lit": "^2.0.0",
        "tslib": "^2.0.1"
      }
    },
    "@material/mwc-icon-button": {
      "version": "0.27.0",
      "resolved": "https://registry.npmmirror.com/@material/mwc-icon-button/-/mwc-icon-button-0.27.0.tgz",
      "integrity": "sha512-wReiPa1UkLaCSPtpkAs1OGKEBtvqPnz9kzuY+RvN5ZQnpo3Uh7n3plHV4y/stsUBfrWtBCcOgYnCdNRaR/r2nQ==",
      "requires": {
        "@material/mwc-ripple": "^0.27.0",
        "lit": "^2.0.0",
        "tslib": "^2.0.1"
      }
    },
    "@material/mwc-line-ripple": {
      "version": "0.27.0",
      "resolved": "https://registry.npmmirror.com/@material/mwc-line-ripple/-/mwc-line-ripple-0.27.0.tgz",
      "integrity": "sha512-n9Xpt5g3RJEl9rvk14OP6dUNJUtsJA46beTQiep7ppO7IPVFLC1v/5sPpUzfNPUBsclSPxdBuNlCxsgcIYueUw==",
      "requires": {
        "@material/line-ripple": "=14.0.0-canary.53b3cad2f.0",
        "lit": "^2.0.0",
        "tslib": "^2.0.1"
      }
    },
    "@material/mwc-list": {
      "version": "0.27.0",
      "resolved": "https://registry.npmmirror.com/@material/mwc-list/-/mwc-list-0.27.0.tgz",
      "integrity": "sha512-oAhNQsBuAOgF3ENOIY8PeWjXsl35HoYaUkl0ixBQk8jJP2HIEf+MdbS5688y/UXxFbSjr0m//LfwR5gauEashg==",
      "requires": {
        "@material/base": "=14.0.0-canary.53b3cad2f.0",
        "@material/dom": "=14.0.0-canary.53b3cad2f.0",
        "@material/list": "=14.0.0-canary.53b3cad2f.0",
        "@material/mwc-base": "^0.27.0",
        "@material/mwc-checkbox": "^0.27.0",
        "@material/mwc-radio": "^0.27.0",
        "@material/mwc-ripple": "^0.27.0",
        "lit": "^2.0.0",
        "tslib": "^2.0.1"
      }
    },
    "@material/mwc-menu": {
      "version": "0.27.0",
      "resolved": "https://registry.npmmirror.com/@material/mwc-menu/-/mwc-menu-0.27.0.tgz",
      "integrity": "sha512-K+L/t267ZGrlhjK/iSKUVZQKRMkWELArKVglfS5of93ALP4in0RGnj1sOG2u3IFI2F/mEZxRi+wr7HgNxpe0wA==",
      "requires": {
        "@material/menu": "=14.0.0-canary.53b3cad2f.0",
        "@material/menu-surface": "=14.0.0-canary.53b3cad2f.0",
        "@material/mwc-base": "^0.27.0",
        "@material/mwc-list": "^0.27.0",
        "@material/shape": "=14.0.0-canary.53b3cad2f.0",
        "@material/theme": "=14.0.0-canary.53b3cad2f.0",
        "lit": "^2.0.0",
        "tslib": "^2.0.1"
      }
    },
    "@material/mwc-notched-outline": {
      "version": "0.27.0",
      "resolved": "https://registry.npmmirror.com/@material/mwc-notched-outline/-/mwc-notched-outline-0.27.0.tgz",
      "integrity": "sha512-IlqfQVaEd1RAHqhOG0Xk5JhTDgBe/P9og0pnACglK6bPE0vUhYKwibJiHcr4ACTPtGWHO9o92aktR+7AIEAKtQ==",
      "requires": {
        "@material/mwc-base": "^0.27.0",
        "@material/notched-outline": "=14.0.0-canary.53b3cad2f.0",
        "lit": "^2.0.0",
        "tslib": "^2.0.1"
      }
    },
    "@material/mwc-radio": {
      "version": "0.27.0",
      "resolved": "https://registry.npmmirror.com/@material/mwc-radio/-/mwc-radio-0.27.0.tgz",
      "integrity": "sha512-+rSO9a373BgyMgQOM0Z8vVkuieobBylPJ8qpltytM+yGPj8+n+MtwRZyg+ry3WwEjYYDMP6GxZPHwLgWs6lMpQ==",
      "requires": {
        "@material/mwc-base": "^0.27.0",
        "@material/mwc-ripple": "^0.27.0",
        "@material/radio": "=14.0.0-canary.53b3cad2f.0",
        "lit": "^2.0.0",
        "tslib": "^2.0.1"
      }
    },
    "@material/mwc-ripple": {
      "version": "0.27.0",
      "resolved": "https://registry.npmmirror.com/@material/mwc-ripple/-/mwc-ripple-0.27.0.tgz",
      "integrity": "sha512-by0O8d8g3Rd96/sUB8hxy6MrDx1QTstqOsA64vqypWd526hMTBGRik08jTNap5sVIyrN9Vq17jb4NJLWQLnNHQ==",
      "requires": {
        "@material/dom": "=14.0.0-canary.53b3cad2f.0",
        "@material/mwc-base": "^0.27.0",
        "@material/ripple": "=14.0.0-canary.53b3cad2f.0",
        "lit": "^2.0.0",
        "tslib": "^2.0.1"
      }
    },
    "@material/mwc-select": {
      "version": "0.27.0",
      "resolved": "https://registry.npmmirror.com/@material/mwc-select/-/mwc-select-0.27.0.tgz",
      "integrity": "sha512-LTr2nl7gAYq8ung4eWfUz24mey4/K9vAlqJBo/uu6w0122C9X64szBS9kHAb87aD1oxLkxAJCDuv/wwlXV1i2w==",
      "requires": {
        "@material/dom": "=14.0.0-canary.53b3cad2f.0",
        "@material/floating-label": "=14.0.0-canary.53b3cad2f.0",
        "@material/line-ripple": "=14.0.0-canary.53b3cad2f.0",
        "@material/list": "=14.0.0-canary.53b3cad2f.0",
        "@material/mwc-base": "^0.27.0",
        "@material/mwc-floating-label": "^0.27.0",
        "@material/mwc-icon": "^0.27.0",
        "@material/mwc-line-ripple": "^0.27.0",
        "@material/mwc-list": "^0.27.0",
        "@material/mwc-menu": "^0.27.0",
        "@material/mwc-notched-outline": "^0.27.0",
        "@material/select": "=14.0.0-canary.53b3cad2f.0",
        "lit": "^2.0.0",
        "tslib": "^2.0.1"
      }
    },
    "@material/mwc-snackbar": {
      "version": "0.27.0",
      "resolved": "https://registry.npmmirror.com/@material/mwc-snackbar/-/mwc-snackbar-0.27.0.tgz",
      "integrity": "sha512-D9xhae4MiUwhHJxXaNzucmOutXVS/02CVnuCpzV2uDCLnY4oTaiZNDa+YBxheZnNKTTSm5yrshOnsRIQO6hgPw==",
      "requires": {
        "@material/mwc-base": "^0.27.0",
        "@material/snackbar": "=14.0.0-canary.53b3cad2f.0",
        "lit": "^2.0.0",
        "tslib": "^2.0.1"
      }
    },
    "@material/mwc-textfield": {
      "version": "0.27.0",
      "resolved": "https://registry.npmmirror.com/@material/mwc-textfield/-/mwc-textfield-0.27.0.tgz",
      "integrity": "sha512-4/OEeEVAWWQ1DzpjeMLYLsa9HMlifOPjAvi0681Yj1g/RYJs5ONZS80HZ8HOT+efAOlZDugshgM4gdNS3I0XFQ==",
      "requires": {
        "@material/floating-label": "=14.0.0-canary.53b3cad2f.0",
        "@material/line-ripple": "=14.0.0-canary.53b3cad2f.0",
        "@material/mwc-base": "^0.27.0",
        "@material/mwc-floating-label": "^0.27.0",
        "@material/mwc-line-ripple": "^0.27.0",
        "@material/mwc-notched-outline": "^0.27.0",
        "@material/textfield": "=14.0.0-canary.53b3cad2f.0",
        "lit": "^2.0.0",
        "tslib": "^2.0.1"
      }
    },
    "@material/mwc-top-app-bar": {
      "version": "0.27.0",
      "resolved": "https://registry.npmmirror.com/@material/mwc-top-app-bar/-/mwc-top-app-bar-0.27.0.tgz",
      "integrity": "sha512-vHn10exeDhUVFpo4TgBsS8pta4AxZtjuuxrYFHMYxceGifEATvGbYoPyw1x7cCMcXMMIITElgfCURAbCmn3BgA==",
      "requires": {
        "@material/mwc-base": "^0.27.0",
        "@material/top-app-bar": "=14.0.0-canary.53b3cad2f.0",
        "lit": "^2.0.0",
        "tslib": "^2.0.1"
      }
    },
    "@material/mwc-top-app-bar-fixed": {
      "version": "0.27.0",
      "resolved": "https://registry.npmmirror.com/@material/mwc-top-app-bar-fixed/-/mwc-top-app-bar-fixed-0.27.0.tgz",
      "integrity": "sha512-kU1RKmx8U7YCbsBuAXfNLtu+V/Jwos+o2mSY94tZpv36dIsvcsGQ4pB2zW0EaU8g9bQVdwLMVxj4oooxSmbZXw==",
      "requires": {
        "@material/mwc-top-app-bar": "^0.27.0",
        "@material/top-app-bar": "=14.0.0-canary.53b3cad2f.0",
        "lit": "^2.0.0",
        "tslib": "^2.0.1"
      }
    },
    "@material/notched-outline": {
      "version": "14.0.0-canary.53b3cad2f.0",
      "resolved": "https://registry.npmmirror.com/@material/notched-outline/-/notched-outline-14.0.0-canary.53b3cad2f.0.tgz",
      "integrity": "sha512-3ByiPOC/wWQmFKfgJS98kb5/6v92n7uIfJ6v6sryKJlJCJn39qfpGcCM5RpRIws1RET1s1zBJT2JDwYeu/hM5A==",
      "requires": {
        "@material/base": "14.0.0-canary.53b3cad2f.0",
        "@material/feature-targeting": "14.0.0-canary.53b3cad2f.0",
        "@material/floating-label": "14.0.0-canary.53b3cad2f.0",
        "@material/rtl": "14.0.0-canary.53b3cad2f.0",
        "@material/shape": "14.0.0-canary.53b3cad2f.0",
        "@material/theme": "14.0.0-canary.53b3cad2f.0",
        "tslib": "^2.1.0"
      }
    },
    "@material/progress-indicator": {
      "version": "14.0.0-canary.53b3cad2f.0",
      "resolved": "https://registry.npmmirror.com/@material/progress-indicator/-/progress-indicator-14.0.0-canary.53b3cad2f.0.tgz",
      "integrity": "sha512-vW0oZK70QOpAarip95ueCQ/I3kBClcWjxsc0F0QjkqT76DOVXpjnZ4XoRRyq9eMpwLqlKLTecrsSNpmqwwF1Dg==",
      "requires": {
        "tslib": "^2.1.0"
      }
    },
    "@material/radio": {
      "version": "14.0.0-canary.53b3cad2f.0",
      "resolved": "https://registry.npmmirror.com/@material/radio/-/radio-14.0.0-canary.53b3cad2f.0.tgz",
      "integrity": "sha512-V/AgWEOuHFoh9d4Gq1rqBZnKSGtMLQNh23Bwrv0c1FhPqFvUpwt9jR3SVwhJk5gvQQWGy9p3iiGc9QCJ+0+P8Q==",
      "requires": {
        "@material/animation": "14.0.0-canary.53b3cad2f.0",
        "@material/base": "14.0.0-canary.53b3cad2f.0",
        "@material/density": "14.0.0-canary.53b3cad2f.0",
        "@material/dom": "14.0.0-canary.53b3cad2f.0",
        "@material/feature-targeting": "14.0.0-canary.53b3cad2f.0",
        "@material/focus-ring": "14.0.0-canary.53b3cad2f.0",
        "@material/ripple": "14.0.0-canary.53b3cad2f.0",
        "@material/theme": "14.0.0-canary.53b3cad2f.0",
        "@material/touch-target": "14.0.0-canary.53b3cad2f.0",
        "tslib": "^2.1.0"
      }
    },
    "@material/ripple": {
      "version": "14.0.0-canary.53b3cad2f.0",
      "resolved": "https://registry.npmmirror.com/@material/ripple/-/ripple-14.0.0-canary.53b3cad2f.0.tgz",
      "integrity": "sha512-6g2G62vd8DsMuIUSXlRrzb98qkZ4o8ZREknNwNP2zaLQEOkJ//4j9HaqDt98/3LIjUTY9UIVFTQENiMmlwKHYQ==",
      "requires": {
        "@material/animation": "14.0.0-canary.53b3cad2f.0",
        "@material/base": "14.0.0-canary.53b3cad2f.0",
        "@material/dom": "14.0.0-canary.53b3cad2f.0",
        "@material/feature-targeting": "14.0.0-canary.53b3cad2f.0",
        "@material/rtl": "14.0.0-canary.53b3cad2f.0",
        "@material/theme": "14.0.0-canary.53b3cad2f.0",
        "tslib": "^2.1.0"
      }
    },
    "@material/rtl": {
      "version": "14.0.0-canary.53b3cad2f.0",
      "resolved": "https://registry.npmmirror.com/@material/rtl/-/rtl-14.0.0-canary.53b3cad2f.0.tgz",
      "integrity": "sha512-f08LT0HSa0WYU+4Jz/tbm1TQ9Fcf2k+H6dPPYv0J1sZmX6hMgCEmNiUdUFLQFvszoXx2XrRi1/hIFjbz2e69Yg==",
      "requires": {
        "@material/theme": "14.0.0-canary.53b3cad2f.0",
        "tslib": "^2.1.0"
      }
    },
    "@material/select": {
      "version": "14.0.0-canary.53b3cad2f.0",
      "resolved": "https://registry.npmmirror.com/@material/select/-/select-14.0.0-canary.53b3cad2f.0.tgz",
      "integrity": "sha512-fAiTaHZ1PIEmCUbufS+IZvsWO0hDxtbU8rOsbmSu1oupAboP7jSgOVgcCGdT9KY5WacrniIIMO6jZjhnvrC0Lg==",
      "requires": {
        "@material/animation": "14.0.0-canary.53b3cad2f.0",
        "@material/base": "14.0.0-canary.53b3cad2f.0",
        "@material/density": "14.0.0-canary.53b3cad2f.0",
        "@material/dom": "14.0.0-canary.53b3cad2f.0",
        "@material/elevation": "14.0.0-canary.53b3cad2f.0",
        "@material/feature-targeting": "14.0.0-canary.53b3cad2f.0",
        "@material/floating-label": "14.0.0-canary.53b3cad2f.0",
        "@material/line-ripple": "14.0.0-canary.53b3cad2f.0",
        "@material/list": "14.0.0-canary.53b3cad2f.0",
        "@material/menu": "14.0.0-canary.53b3cad2f.0",
        "@material/menu-surface": "14.0.0-canary.53b3cad2f.0",
        "@material/notched-outline": "14.0.0-canary.53b3cad2f.0",
        "@material/ripple": "14.0.0-canary.53b3cad2f.0",
        "@material/rtl": "14.0.0-canary.53b3cad2f.0",
        "@material/shape": "14.0.0-canary.53b3cad2f.0",
        "@material/theme": "14.0.0-canary.53b3cad2f.0",
        "@material/tokens": "14.0.0-canary.53b3cad2f.0",
        "@material/typography": "14.0.0-canary.53b3cad2f.0",
        "tslib": "^2.1.0"
      }
    },
    "@material/shape": {
      "version": "14.0.0-canary.53b3cad2f.0",
      "resolved": "https://registry.npmmirror.com/@material/shape/-/shape-14.0.0-canary.53b3cad2f.0.tgz",
      "integrity": "sha512-RyjInLCNe+nI/ulKea0ZLHphXQDiDqYazS25SRn18g8Hoa5qGNaY5oOBncDXUYn3jm5oI5kFc9oif//kulkbjg==",
      "requires": {
        "@material/feature-targeting": "14.0.0-canary.53b3cad2f.0",
        "@material/rtl": "14.0.0-canary.53b3cad2f.0",
        "@material/theme": "14.0.0-canary.53b3cad2f.0",
        "tslib": "^2.1.0"
      }
    },
    "@material/snackbar": {
      "version": "14.0.0-canary.53b3cad2f.0",
      "resolved": "https://registry.npmmirror.com/@material/snackbar/-/snackbar-14.0.0-canary.53b3cad2f.0.tgz",
      "integrity": "sha512-E/i+o7Q8Jp4UW7UBTslqlFeSxgyU7XE86CoYuq2g+ySSWTt8b16ug8EJTQvuk4DRdDO3tjQN1sN0R77Av6txSw==",
      "requires": {
        "@material/animation": "14.0.0-canary.53b3cad2f.0",
        "@material/base": "14.0.0-canary.53b3cad2f.0",
        "@material/button": "14.0.0-canary.53b3cad2f.0",
        "@material/dom": "14.0.0-canary.53b3cad2f.0",
        "@material/elevation": "14.0.0-canary.53b3cad2f.0",
        "@material/feature-targeting": "14.0.0-canary.53b3cad2f.0",
        "@material/icon-button": "14.0.0-canary.53b3cad2f.0",
        "@material/ripple": "14.0.0-canary.53b3cad2f.0",
        "@material/rtl": "14.0.0-canary.53b3cad2f.0",
        "@material/shape": "14.0.0-canary.53b3cad2f.0",
        "@material/theme": "14.0.0-canary.53b3cad2f.0",
        "@material/typography": "14.0.0-canary.53b3cad2f.0",
        "tslib": "^2.1.0"
      }
    },
    "@material/textfield": {
      "version": "14.0.0-canary.53b3cad2f.0",
      "resolved": "https://registry.npmmirror.com/@material/textfield/-/textfield-14.0.0-canary.53b3cad2f.0.tgz",
      "integrity": "sha512-Pla9Tr94Is18o97E/mqHKdkR24rPES9atGm3BlXrNzyr5tu6+h++RBbxy7V6IExcfl0MX+v9Gyqz7sPZzFtwMA==",
      "requires": {
        "@material/animation": "14.0.0-canary.53b3cad2f.0",
        "@material/base": "14.0.0-canary.53b3cad2f.0",
        "@material/density": "14.0.0-canary.53b3cad2f.0",
        "@material/dom": "14.0.0-canary.53b3cad2f.0",
        "@material/feature-targeting": "14.0.0-canary.53b3cad2f.0",
        "@material/floating-label": "14.0.0-canary.53b3cad2f.0",
        "@material/line-ripple": "14.0.0-canary.53b3cad2f.0",
        "@material/notched-outline": "14.0.0-canary.53b3cad2f.0",
        "@material/ripple": "14.0.0-canary.53b3cad2f.0",
        "@material/rtl": "14.0.0-canary.53b3cad2f.0",
        "@material/shape": "14.0.0-canary.53b3cad2f.0",
        "@material/theme": "14.0.0-canary.53b3cad2f.0",
        "@material/tokens": "14.0.0-canary.53b3cad2f.0",
        "@material/typography": "14.0.0-canary.53b3cad2f.0",
        "tslib": "^2.1.0"
      }
    },
    "@material/theme": {
      "version": "14.0.0-canary.53b3cad2f.0",
      "resolved": "https://registry.npmmirror.com/@material/theme/-/theme-14.0.0-canary.53b3cad2f.0.tgz",
      "integrity": "sha512-S06XAevDCDWMe+GgsEpITMS07imUidzadNaTbJsqssFajBLr53QWVZsG84BpjXKXoYvyEJvb0hX5U0lq6ip9UQ==",
      "requires": {
        "@material/feature-targeting": "14.0.0-canary.53b3cad2f.0",
        "tslib": "^2.1.0"
      }
    },
    "@material/tokens": {
      "version": "14.0.0-canary.53b3cad2f.0",
      "resolved": "https://registry.npmmirror.com/@material/tokens/-/tokens-14.0.0-canary.53b3cad2f.0.tgz",
      "integrity": "sha512-myHFB7vac8zErA3qgkqmV+kpE+i9JEwc/6Yf0MOumDSpylJGw28QikpNC6eAVBK2EmPQTaFn20mqUxyud8dGqw==",
      "requires": {
        "@material/elevation": "14.0.0-canary.53b3cad2f.0"
      }
    },
    "@material/top-app-bar": {
      "version": "14.0.0-canary.53b3cad2f.0",
      "resolved": "https://registry.npmmirror.com/@material/top-app-bar/-/top-app-bar-14.0.0-canary.53b3cad2f.0.tgz",
      "integrity": "sha512-9vPLLxUbNrWNCPGHoIeIUtyXWQUNh+yQwnkTYVkVAVEb1CsWb2D+/NefytfvyFtXWBFQLybAeG5RH0ZqdcgQBQ==",
      "requires": {
        "@material/animation": "14.0.0-canary.53b3cad2f.0",
        "@material/base": "14.0.0-canary.53b3cad2f.0",
        "@material/elevation": "14.0.0-canary.53b3cad2f.0",
        "@material/ripple": "14.0.0-canary.53b3cad2f.0",
        "@material/rtl": "14.0.0-canary.53b3cad2f.0",
        "@material/shape": "14.0.0-canary.53b3cad2f.0",
        "@material/theme": "14.0.0-canary.53b3cad2f.0",
        "@material/typography": "14.0.0-canary.53b3cad2f.0",
        "tslib": "^2.1.0"
      }
    },
    "@material/touch-target": {
      "version": "14.0.0-canary.53b3cad2f.0",
      "resolved": "https://registry.npmmirror.com/@material/touch-target/-/touch-target-14.0.0-canary.53b3cad2f.0.tgz",
      "integrity": "sha512-d83e5vbqoLyL542yOTTp4TLVltddWiqbI/j1w/D9ipE30YKfe2EDN+CNJc32Zufh5IUfK41DsZdrN8fI9cL99A==",
      "requires": {
        "@material/base": "14.0.0-canary.53b3cad2f.0",
        "@material/feature-targeting": "14.0.0-canary.53b3cad2f.0",
        "@material/rtl": "14.0.0-canary.53b3cad2f.0",
        "tslib": "^2.1.0"
      }
    },
    "@material/typography": {
      "version": "14.0.0-canary.53b3cad2f.0",
      "resolved": "https://registry.npmmirror.com/@material/typography/-/typography-14.0.0-canary.53b3cad2f.0.tgz",
      "integrity": "sha512-9J0k2fq7uyHsRzRqJDJLGmg3YzRpfRPtFDVeUH/xBcYoqpZE7wYw5Mb7s/l8eP626EtR7HhXhSPjvRTLA6NIJg==",
      "requires": {
        "@material/feature-targeting": "14.0.0-canary.53b3cad2f.0",
        "@material/theme": "14.0.0-canary.53b3cad2f.0",
        "tslib": "^2.1.0"
      }
    },
    "@types/node": {
      "version": "18.11.7",
      "resolved": "https://registry.npmmirror.com/@types/node/-/node-18.11.7.tgz",
      "integrity": "sha512-LhFTglglr63mNXUSRYD8A+ZAIu5sFqNJ4Y2fPuY7UlrySJH87rRRlhtVmMHplmfk5WkoJGmDjE9oiTfyX94CpQ=="
    },
    "@types/trusted-types": {
      "version": "2.0.2",
      "resolved": "https://registry.npmmirror.com/@types/trusted-types/-/trusted-types-2.0.2.tgz",
      "integrity": "sha512-F5DIZ36YVLE+PN+Zwws4kJogq47hNgX3Nx6WyDJ3kcplxyke3XIzB8uK5n/Lpm1HBsbGzd6nmGehL8cPekP+Tg=="
    },
    "asynckit": {
      "version": "0.4.0",
      "resolved": "https://registry.npmmirror.com/asynckit/-/asynckit-0.4.0.tgz",
      "integrity": "sha512-Oei9OH4tRh0YqU3GxhX79dM/mwVgvbZJaSNaRk+bshkj0S5cfHcgYakreBjrHwatXKbz+IoIdYLxrKim2MjW0Q=="
    },
    "axios": {
      "version": "1.1.3",
      "resolved": "https://registry.npmmirror.com/axios/-/axios-1.1.3.tgz",
      "integrity": "sha512-00tXVRwKx/FZr/IDVFt4C+f9FYairX517WoGCL6dpOntqLkZofjhu43F/Xl44UOpqa+9sLFDrG/XAnFsUYgkDA==",
      "requires": {
        "follow-redirects": "^1.15.0",
        "form-data": "^4.0.0",
        "proxy-from-env": "^1.1.0"
      }
    },
    "blocking-elements": {
      "version": "0.1.1",
      "resolved": "https://registry.npmmirror.com/blocking-elements/-/blocking-elements-0.1.1.tgz",
      "integrity": "sha512-/SLWbEzMoVIMZACCyhD/4Ya2M1PWP1qMKuiymowPcI+PdWDARqeARBjhj73kbUBCxEmTZCUu5TAqxtwUO9C1Ig=="
    },
    "combined-stream": {
      "version": "1.0.8",
      "resolved": "https://registry.npmmirror.com/combined-stream/-/combined-stream-1.0.8.tgz",
      "integrity": "sha512-FQN4MRfuJeHf7cBbBMJFXhKSDq+2kAArBlmRBvcvFE5BB1HZKXtSFASDhdlz9zOYwxh8lDdnvmMOe/+5cdoEdg==",
      "requires": {
        "delayed-stream": "~1.0.0"
      }
    },
    "delayed-stream": {
      "version": "1.0.0",
      "resolved": "https://registry.npmmirror.com/delayed-stream/-/delayed-stream-1.0.0.tgz",
      "integrity": "sha512-ZySD7Nf91aLB0RxL4KGrKHBXl7Eds1DAmEdcoVawXnLD7SDhpNgtuII2aAkg7a7QS41jxPSZ17p4VdGnMHk3MQ=="
    },
    "follow-redirects": {
      "version": "1.15.2",
      "resolved": "https://registry.npmmirror.com/follow-redirects/-/follow-redirects-1.15.2.tgz",
      "integrity": "sha512-VQLG33o04KaQ8uYi2tVNbdrWp1QWxNNea+nmIB4EVM28v0hmP17z7aG1+wAkNzVq4KeXTq3221ye5qTJP91JwA=="
    },
    "form-data": {
      "version": "4.0.0",
      "resolved": "https://registry.npmmirror.com/form-data/-/form-data-4.0.0.tgz",
      "integrity": "sha512-ETEklSGi5t0QMZuiXoA/Q6vcnxcLQP5vdugSpuAyi6SVGi2clPPp+xgEhuMaHC+zGgn31Kd235W35f7Hykkaww==",
      "requires": {
        "asynckit": "^0.4.0",
        "combined-stream": "^1.0.8",
        "mime-types": "^2.1.12"
      }
    },
    "lit": {
      "version": "2.4.0",
      "resolved": "https://registry.npmmirror.com/lit/-/lit-2.4.0.tgz",
      "integrity": "sha512-fdgzxEtLrZFQU/BqTtxFQCLwlZd9bdat+ltzSFjvWkZrs7eBmeX0L5MHUMb3kYIkuS8Xlfnii/iI5klirF8/Xg==",
      "requires": {
        "@lit/reactive-element": "^1.4.0",
        "lit-element": "^3.2.0",
        "lit-html": "^2.4.0"
      }
    },
    "lit-element": {
      "version": "3.2.2",
      "resolved": "https://registry.npmmirror.com/lit-element/-/lit-element-3.2.2.tgz",
      "integrity": "sha512-6ZgxBR9KNroqKb6+htkyBwD90XGRiqKDHVrW/Eh0EZ+l+iC+u+v+w3/BA5NGi4nizAVHGYvQBHUDuSmLjPp7NQ==",
      "requires": {
        "@lit/reactive-element": "^1.3.0",
        "lit-html": "^2.2.0"
      }
    },
    "lit-html": {
      "version": "2.4.0",
      "resolved": "https://registry.npmmirror.com/lit-html/-/lit-html-2.4.0.tgz",
      "integrity": "sha512-G6qXu4JNUpY6aaF2VMfaszhO9hlWw0hOTRFDmuMheg/nDYGB+2RztUSOyrzALAbr8Nh0Y7qjhYkReh3rPnplVg==",
      "requires": {
        "@types/trusted-types": "^2.0.2"
      }
    },
    "mime-db": {
      "version": "1.52.0",
      "resolved": "https://registry.npmmirror.com/mime-db/-/mime-db-1.52.0.tgz",
      "integrity": "sha512-sPU4uV7dYlvtWJxwwxHD0PuihVNiE7TyAbQ5SWxDCB9mUYvOgroQOwYQQOKPJ8CIbE+1ETVlOoK1UC2nU3gYvg=="
    },
    "mime-types": {
      "version": "2.1.35",
      "resolved": "https://registry.npmmirror.com/mime-types/-/mime-types-2.1.35.tgz",
      "integrity": "sha512-ZDY+bPm5zTTF+YpCrAU9nK0UgICYPT0QtT1NZWFv4s++TNkcgVaT0g6+4R2uI4MjQjzysHB1zxuWL50hzaeXiw==",
      "requires": {
        "mime-db": "1.52.0"
      }
    },
    "proxy-from-env": {
      "version": "1.1.0",
      "resolved": "https://registry.npmmirror.com/proxy-from-env/-/proxy-from-env-1.1.0.tgz",
      "integrity": "sha512-D+zkORCbA9f1tdWRK0RaCR3GPv50cMxcrz4X8k5LTSUD1Dkw47mKJEZQNunItRTkWwgtaUSo1RVFRIG9ZXiFYg=="
    },
    "tslib": {
      "version": "2.4.0",
      "resolved": "https://registry.npmmirror.com/tslib/-/tslib-2.4.0.tgz",
      "integrity": "sha512-d6xOpEDfsi2CZVlPQzGeux8XMwLT9hssAsaPYExaQMuYskwb+x1x7J371tWlbBdWHroy99KnVB6qIkUbs5X3UQ=="
    },
    "wicg-inert": {
      "version": "3.1.2",
      "resolved": "https://registry.npmmirror.com/wicg-inert/-/wicg-inert-3.1.2.tgz",
      "integrity": "sha512-Ba9tGNYxXwaqKEi9sJJvPMKuo063umUPsHN0JJsjrs2j8KDSzkWLMZGZ+MH1Jf1Fq4OWZ5HsESJID6nRza2ang=="
    }
  }
}
